
Microsoft Visual Studio Solution File, Format Version 12.00
# Visual Studio Version 17
VisualStudioVersion = 17.1.32319.34
MinimumVisualStudioVersion = 10.0.40219.1
Project("{FAE04EC0-301F-11D3-BF4B-00C04F79EFBC}") = "Conditions2", "Conditions2\Conditions2.csproj", "{229C078B-896E-407F-A4A9-68A8FBB01C43}"
EndProject
Global
	GlobalSection(SolutionConfigurationPlatforms) = preSolution
		Debug|Any CPU = Debug|Any CPU
		Release|Any CPU = Release|Any CPU
	EndGlobalSection
	GlobalSection(ProjectConfigurationPlatforms) = postSolution
		{229C078B-896E-407F-A4A9-68A8FBB01C43}.Debug|Any CPU.ActiveCfg = Debug|Any CPU
		{229C078B-896E-407F-A4A9-68A8FBB01C43}.Debug|Any CPU.Build.0 = Debug|Any CPU
		{229C078B-896E-407F-A4A9-68A8FBB01C43}.Release|Any CPU.ActiveCfg = Release|Any CPU
		{229C078B-896E-407F-A4A9-68A8FBB01C43}.Release|Any CPU.Build.0 = Release|Any CPU
	EndGlobalSection
	GlobalSection(SolutionProperties) = preSolution
		HideSolutionNode = FALSE
	EndGlobalSection
	GlobalSection(ExtensibilityGlobals) = postSolution
		SolutionGuid = {EBA7B830-2607-4E0F-B503-E6B6B9A3ACB4}
	EndGlobalSection
EndGlobal
