
Microsoft Visual Studio Solution File, Format Version 12.00
# Visual Studio Version 17
VisualStudioVersion = 17.1.32319.34
MinimumVisualStudioVersion = 10.0.40219.1
Project("{FAE04EC0-301F-11D3-BF4B-00C04F79EFBC}") = "Cycles7", "Cycles7\Cycles7.csproj", "{67BFE42C-95A2-4823-BEB2-D272B22184E1}"
EndProject
Global
	GlobalSection(SolutionConfigurationPlatforms) = preSolution
		Debug|Any CPU = Debug|Any CPU
		Release|Any CPU = Release|Any CPU
	EndGlobalSection
	GlobalSection(ProjectConfigurationPlatforms) = postSolution
		{67BFE42C-95A2-4823-BEB2-D272B22184E1}.Debug|Any CPU.ActiveCfg = Debug|Any CPU
		{67BFE42C-95A2-4823-BEB2-D272B22184E1}.Debug|Any CPU.Build.0 = Debug|Any CPU
		{67BFE42C-95A2-4823-BEB2-D272B22184E1}.Release|Any CPU.ActiveCfg = Release|Any CPU
		{67BFE42C-95A2-4823-BEB2-D272B22184E1}.Release|Any CPU.Build.0 = Release|Any CPU
	EndGlobalSection
	GlobalSection(SolutionProperties) = preSolution
		HideSolutionNode = FALSE
	EndGlobalSection
	GlobalSection(ExtensibilityGlobals) = postSolution
		SolutionGuid = {C0BC787D-9656-4FC4-A1D6-EC6B215F9467}
	EndGlobalSection
EndGlobal
