
Microsoft Visual Studio Solution File, Format Version 12.00
# Visual Studio Version 17
VisualStudioVersion = 17.1.32319.34
MinimumVisualStudioVersion = 10.0.40219.1
Project("{FAE04EC0-301F-11D3-BF4B-00C04F79EFBC}") = "Cycles3", "Cycles3\Cycles3.csproj", "{A5DF7A5E-1E5A-4711-B6FA-577E94FCC487}"
EndProject
Global
	GlobalSection(SolutionConfigurationPlatforms) = preSolution
		Debug|Any CPU = Debug|Any CPU
		Release|Any CPU = Release|Any CPU
	EndGlobalSection
	GlobalSection(ProjectConfigurationPlatforms) = postSolution
		{A5DF7A5E-1E5A-4711-B6FA-577E94FCC487}.Debug|Any CPU.ActiveCfg = Debug|Any CPU
		{A5DF7A5E-1E5A-4711-B6FA-577E94FCC487}.Debug|Any CPU.Build.0 = Debug|Any CPU
		{A5DF7A5E-1E5A-4711-B6FA-577E94FCC487}.Release|Any CPU.ActiveCfg = Release|Any CPU
		{A5DF7A5E-1E5A-4711-B6FA-577E94FCC487}.Release|Any CPU.Build.0 = Release|Any CPU
	EndGlobalSection
	GlobalSection(SolutionProperties) = preSolution
		HideSolutionNode = FALSE
	EndGlobalSection
	GlobalSection(ExtensibilityGlobals) = postSolution
		SolutionGuid = {CAB03AD7-71D5-4505-AAD1-ECDFF862B2D2}
	EndGlobalSection
EndGlobal
