
Microsoft Visual Studio Solution File, Format Version 12.00
# Visual Studio Version 17
VisualStudioVersion = 17.1.32319.34
MinimumVisualStudioVersion = 10.0.40219.1
Project("{FAE04EC0-301F-11D3-BF4B-00C04F79EFBC}") = "Cycles8", "Cycles8\Cycles8.csproj", "{F216C8DB-5E5F-4636-9C1D-6BE81843424D}"
EndProject
Global
	GlobalSection(SolutionConfigurationPlatforms) = preSolution
		Debug|Any CPU = Debug|Any CPU
		Release|Any CPU = Release|Any CPU
	EndGlobalSection
	GlobalSection(ProjectConfigurationPlatforms) = postSolution
		{F216C8DB-5E5F-4636-9C1D-6BE81843424D}.Debug|Any CPU.ActiveCfg = Debug|Any CPU
		{F216C8DB-5E5F-4636-9C1D-6BE81843424D}.Debug|Any CPU.Build.0 = Debug|Any CPU
		{F216C8DB-5E5F-4636-9C1D-6BE81843424D}.Release|Any CPU.ActiveCfg = Release|Any CPU
		{F216C8DB-5E5F-4636-9C1D-6BE81843424D}.Release|Any CPU.Build.0 = Release|Any CPU
	EndGlobalSection
	GlobalSection(SolutionProperties) = preSolution
		HideSolutionNode = FALSE
	EndGlobalSection
	GlobalSection(ExtensibilityGlobals) = postSolution
		SolutionGuid = {BBE3B19C-8720-4E8D-BDDD-7A694D6DEED6}
	EndGlobalSection
EndGlobal
