
Microsoft Visual Studio Solution File, Format Version 12.00
# Visual Studio Version 17
VisualStudioVersion = 17.1.32319.34
MinimumVisualStudioVersion = 10.0.40219.1
Project("{FAE04EC0-301F-11D3-BF4B-00C04F79EFBC}") = "Conditions5", "Conditions5\Conditions5.csproj", "{3AD56BD0-C84B-48BA-881B-00EC58116BE8}"
EndProject
Global
	GlobalSection(SolutionConfigurationPlatforms) = preSolution
		Debug|Any CPU = Debug|Any CPU
		Release|Any CPU = Release|Any CPU
	EndGlobalSection
	GlobalSection(ProjectConfigurationPlatforms) = postSolution
		{3AD56BD0-C84B-48BA-881B-00EC58116BE8}.Debug|Any CPU.ActiveCfg = Debug|Any CPU
		{3AD56BD0-C84B-48BA-881B-00EC58116BE8}.Debug|Any CPU.Build.0 = Debug|Any CPU
		{3AD56BD0-C84B-48BA-881B-00EC58116BE8}.Release|Any CPU.ActiveCfg = Release|Any CPU
		{3AD56BD0-C84B-48BA-881B-00EC58116BE8}.Release|Any CPU.Build.0 = Release|Any CPU
	EndGlobalSection
	GlobalSection(SolutionProperties) = preSolution
		HideSolutionNode = FALSE
	EndGlobalSection
	GlobalSection(ExtensibilityGlobals) = postSolution
		SolutionGuid = {67808E8D-DE19-4EA9-9BA3-BB1A5499CC98}
	EndGlobalSection
EndGlobal
